
Microsoft Visual Studio Solution File, Format Version 12.00
# Visual Studio Version 16
VisualStudioVersion = 16.0.32802.440
MinimumVisualStudioVersion = 10.0.40219.1
Project("{FAE04EC0-301F-11D3-BF4B-00C04F79EFBC}") = "TCP_T1_LeandroBras", "TCP_T1_LeandroBras\TCP_T1_LeandroBras.csproj", "{EC8198D0-FBA5-4A65-A340-E8A8216C6154}"
EndProject
Global
	GlobalSection(SolutionConfigurationPlatforms) = preSolution
		Debug|Any CPU = Debug|Any CPU
		Release|Any CPU = Release|Any CPU
	EndGlobalSection
	GlobalSection(ProjectConfigurationPlatforms) = postSolution
		{EC8198D0-FBA5-4A65-A340-E8A8216C6154}.Debug|Any CPU.ActiveCfg = Debug|Any CPU
		{EC8198D0-FBA5-4A65-A340-E8A8216C6154}.Debug|Any CPU.Build.0 = Debug|Any CPU
		{EC8198D0-FBA5-4A65-A340-E8A8216C6154}.Release|Any CPU.ActiveCfg = Release|Any CPU
		{EC8198D0-FBA5-4A65-A340-E8A8216C6154}.Release|Any CPU.Build.0 = Release|Any CPU
	EndGlobalSection
	GlobalSection(SolutionProperties) = preSolution
		HideSolutionNode = FALSE
	EndGlobalSection
	GlobalSection(ExtensibilityGlobals) = postSolution
		SolutionGuid = {C15AF151-3AFD-4322-BD12-DB182C28AE65}
	EndGlobalSection
EndGlobal
